
Microsoft Visual Studio Solution File, Format Version 12.00
# Visual Studio 15
VisualStudioVersion = 15.0.26730.12
MinimumVisualStudioVersion = 10.0.40219.1
Project("{FAE04EC0-301F-11D3-BF4B-00C04F79EFBC}") = "RiverLink", "RiverLink\RiverLink.csproj", "{E73B2D9A-AD55-4319-A48B-685F62083069}"
EndProject
Project("{FAE04EC0-301F-11D3-BF4B-00C04F79EFBC}") = "RiverLinkConsole", "RiverLinkConsole\RiverLinkConsole.csproj", "{2544D45D-B22E-4FD5-86D2-F382BC439650}"
EndProject
Project("{FAE04EC0-301F-11D3-BF4B-00C04F79EFBC}") = "RiverLink.Automation", "RiverLink.Automation\RiverLink.Automation.csproj", "{6A994F0D-EBD1-42EB-AC01-F965FB2F4BCA}"
EndProject
Project("{FAE04EC0-301F-11D3-BF4B-00C04F79EFBC}") = "RiverLink.Models", "RiverLink.Models\RiverLink.Models.csproj", "{3A46761F-12CF-49DF-8384-37E515D49D5A}"
EndProject
Project("{FAE04EC0-301F-11D3-BF4B-00C04F79EFBC}") = "RiverLink.DAL", "RiverLink.DAL\RiverLink.DAL.csproj", "{68392BE8-864A-4177-A956-54F94650A705}"
EndProject
Project("{2150E333-8FDC-42A3-9474-1A3956D46DE8}") = "Solution Items", "Solution Items", "{AF586CCE-908B-42B8-9D03-1981EFBA0C66}"
	ProjectSection(SolutionItems) = preProject
		Xpaths.txt = Xpaths.txt
	EndProjectSection
EndProject
Project("{FAE04EC0-301F-11D3-BF4B-00C04F79EFBC}") = "RiverLinkReport.BAL", "RiverLinkReport.BAL\RiverLinkReport.BAL.csproj", "{3AC43186-7889-443D-820D-21F0D84D262F}"
EndProject
Project("{FAE04EC0-301F-11D3-BF4B-00C04F79EFBC}") = "RiverLinkReport.CLI", "RiverLinkReport.CLI\RiverLinkReport.CLI.csproj", "{0EF8744C-3E99-47F7-BDD8-0A285199C2EA}"
EndProject
Global
	GlobalSection(SolutionConfigurationPlatforms) = preSolution
		Debug|Any CPU = Debug|Any CPU
		Release|Any CPU = Release|Any CPU
	EndGlobalSection
	GlobalSection(ProjectConfigurationPlatforms) = postSolution
		{E73B2D9A-AD55-4319-A48B-685F62083069}.Debug|Any CPU.ActiveCfg = Debug|Any CPU
		{E73B2D9A-AD55-4319-A48B-685F62083069}.Debug|Any CPU.Build.0 = Debug|Any CPU
		{E73B2D9A-AD55-4319-A48B-685F62083069}.Release|Any CPU.ActiveCfg = Release|Any CPU
		{E73B2D9A-AD55-4319-A48B-685F62083069}.Release|Any CPU.Build.0 = Release|Any CPU
		{2544D45D-B22E-4FD5-86D2-F382BC439650}.Debug|Any CPU.ActiveCfg = Debug|Any CPU
		{2544D45D-B22E-4FD5-86D2-F382BC439650}.Debug|Any CPU.Build.0 = Debug|Any CPU
		{2544D45D-B22E-4FD5-86D2-F382BC439650}.Release|Any CPU.ActiveCfg = Release|Any CPU
		{2544D45D-B22E-4FD5-86D2-F382BC439650}.Release|Any CPU.Build.0 = Release|Any CPU
		{6A994F0D-EBD1-42EB-AC01-F965FB2F4BCA}.Debug|Any CPU.ActiveCfg = Debug|Any CPU
		{6A994F0D-EBD1-42EB-AC01-F965FB2F4BCA}.Debug|Any CPU.Build.0 = Debug|Any CPU
		{6A994F0D-EBD1-42EB-AC01-F965FB2F4BCA}.Release|Any CPU.ActiveCfg = Release|Any CPU
		{6A994F0D-EBD1-42EB-AC01-F965FB2F4BCA}.Release|Any CPU.Build.0 = Release|Any CPU
		{3A46761F-12CF-49DF-8384-37E515D49D5A}.Debug|Any CPU.ActiveCfg = Debug|Any CPU
		{3A46761F-12CF-49DF-8384-37E515D49D5A}.Debug|Any CPU.Build.0 = Debug|Any CPU
		{3A46761F-12CF-49DF-8384-37E515D49D5A}.Release|Any CPU.ActiveCfg = Release|Any CPU
		{3A46761F-12CF-49DF-8384-37E515D49D5A}.Release|Any CPU.Build.0 = Release|Any CPU
		{68392BE8-864A-4177-A956-54F94650A705}.Debug|Any CPU.ActiveCfg = Debug|Any CPU
		{68392BE8-864A-4177-A956-54F94650A705}.Debug|Any CPU.Build.0 = Debug|Any CPU
		{68392BE8-864A-4177-A956-54F94650A705}.Release|Any CPU.ActiveCfg = Release|Any CPU
		{68392BE8-864A-4177-A956-54F94650A705}.Release|Any CPU.Build.0 = Release|Any CPU
		{3AC43186-7889-443D-820D-21F0D84D262F}.Debug|Any CPU.ActiveCfg = Debug|Any CPU
		{3AC43186-7889-443D-820D-21F0D84D262F}.Debug|Any CPU.Build.0 = Debug|Any CPU
		{3AC43186-7889-443D-820D-21F0D84D262F}.Release|Any CPU.ActiveCfg = Release|Any CPU
		{3AC43186-7889-443D-820D-21F0D84D262F}.Release|Any CPU.Build.0 = Release|Any CPU
		{0EF8744C-3E99-47F7-BDD8-0A285199C2EA}.Debug|Any CPU.ActiveCfg = Debug|Any CPU
		{0EF8744C-3E99-47F7-BDD8-0A285199C2EA}.Debug|Any CPU.Build.0 = Debug|Any CPU
		{0EF8744C-3E99-47F7-BDD8-0A285199C2EA}.Release|Any CPU.ActiveCfg = Release|Any CPU
		{0EF8744C-3E99-47F7-BDD8-0A285199C2EA}.Release|Any CPU.Build.0 = Release|Any CPU
	EndGlobalSection
	GlobalSection(SolutionProperties) = preSolution
		HideSolutionNode = FALSE
	EndGlobalSection
	GlobalSection(ExtensibilityGlobals) = postSolution
		SolutionGuid = {6C5D4595-FA85-4591-93C2-0C33DB5AEE0D}
	EndGlobalSection
EndGlobal
